// !$*UTF8*$!
{
	archiveVersion = 1;
	classes = {
	};
	objectVersion = 50;
	objects = {

/* Begin PBXBuildFile section */
		AA115489226960DF0040E3C9 /* AppDelegate.swift in Sources */ = {isa = PBXBuildFile; fileRef = AA115488226960DF0040E3C9 /* AppDelegate.swift */; };
		AA11548B226960DF0040E3C9 /* ViewController.swift in Sources */ = {isa = PBXBuildFile; fileRef = AA11548A226960DF0040E3C9 /* ViewController.swift */; };
		AA11548E226960DF0040E3C9 /* Main.storyboard in Resources */ = {isa = PBXBuildFile; fileRef = AA11548C226960DF0040E3C9 /* Main.storyboard */; };
		AA115490226960E20040E3C9 /* Assets.xcassets in Resources */ = {isa = PBXBuildFile; fileRef = AA11548F226960E20040E3C9 /* Assets.xcassets */; };
		AA115493226960E20040E3C9 /* LaunchScreen.storyboard in Resources */ = {isa = PBXBuildFile; fileRef = AA115491226960E20040E3C9 /* LaunchScreen.storyboard */; };
		AA2393D12269B7C50080126F /* GitHubSwiftLintTestTests.swift in Sources */ = {isa = PBXBuildFile; fileRef = AA2393D02269B7C50080126F /* GitHubSwiftLintTestTests.swift */; };
/* End PBXBuildFile section */

/* Begin PBXContainerItemProxy section */
		AA2393D32269B7C50080126F /* PBXContainerItemProxy */ = {
			isa = PBXContainerItemProxy;
			containerPortal = AA11547D226960DF0040E3C9 /* Project object */;
			proxyType = 1;
			remoteGlobalIDString = AA115484226960DF0040E3C9;
			remoteInfo = GitHubSwiftLintTest;
		};
/* End PBXContainerItemProxy section */

/* Begin PBXFileReference section */
		AA115485226960DF0040E3C9 /* GitHubSwiftLintTest.app */ = {isa = PBXFileReference; explicitFileType = wrapper.application; includeInIndex = 0; path = GitHubSwiftLintTest.app; sourceTree = BUILT_PRODUCTS_DIR; };
		AA115488226960DF0040E3C9 /* AppDelegate.swift */ = {isa = PBXFileReference; lastKnownFileType = sourcecode.swift; path = AppDelegate.swift; sourceTree = "<group>"; };
		AA11548A226960DF0040E3C9 /* ViewController.swift */ = {isa = PBXFileReference; lastKnownFileType = sourcecode.swift; path = ViewController.swift; sourceTree = "<group>"; };
		AA11548D226960DF0040E3C9 /* Base */ = {isa = PBXFileReference; lastKnownFileType = file.storyboard; name = Base; path = Base.lproj/Main.storyboard; sourceTree = "<group>"; };
		AA11548F226960E20040E3C9 /* Assets.xcassets */ = {isa = PBXFileReference; lastKnownFileType = folder.assetcatalog; path = Assets.xcassets; sourceTree = "<group>"; };
		AA115492226960E20040E3C9 /* Base */ = {isa = PBXFileReference; lastKnownFileType = file.storyboard; name = Base; path = Base.lproj/LaunchScreen.storyboard; sourceTree = "<group>"; };
		AA115494226960E20040E3C9 /* Info.plist */ = {isa = PBXFileReference; lastKnownFileType = text.plist.xml; path = Info.plist; sourceTree = "<group>"; };
		AA2393CE2269B7C50080126F /* GitHubSwiftLintTestTests.xctest */ = {isa = PBXFileReference; explicitFileType = wrapper.cfbundle; includeInIndex = 0; path = GitHubSwiftLintTestTests.xctest; sourceTree = BUILT_PRODUCTS_DIR; };
		AA2393D02269B7C50080126F /* GitHubSwiftLintTestTests.swift */ = {isa = PBXFileReference; lastKnownFileType = sourcecode.swift; path = GitHubSwiftLintTestTests.swift; sourceTree = "<group>"; };
		AA2393D22269B7C50080126F /* Info.plist */ = {isa = PBXFileReference; lastKnownFileType = text.plist.xml; path = Info.plist; sourceTree = "<group>"; };
/* End PBXFileReference section */

/* Begin PBXFrameworksBuildPhase section */
		AA115482226960DF0040E3C9 /* Frameworks */ = {
			isa = PBXFrameworksBuildPhase;
			buildActionMask = 2147483647;
			files = (
			);
			runOnlyForDeploymentPostprocessing = 0;
		};
		AA2393CB2269B7C50080126F /* Frameworks */ = {
			isa = PBXFrameworksBuildPhase;
			buildActionMask = 2147483647;
			files = (
			);
			runOnlyForDeploymentPostprocessing = 0;
		};
/* End PBXFrameworksBuildPhase section */

/* Begin PBXGroup section */
		AA11547C226960DF0040E3C9 = {
			isa = PBXGroup;
			children = (
				AA115487226960DF0040E3C9 /* GitHubSwiftLintTest */,
				AA2393CF2269B7C50080126F /* GitHubSwiftLintTestTests */,
				AA115486226960DF0040E3C9 /* Products */,
			);
			sourceTree = "<group>";
		};
		AA115486226960DF0040E3C9 /* Products */ = {
			isa = PBXGroup;
			children = (
				AA115485226960DF0040E3C9 /* GitHubSwiftLintTest.app */,
				AA2393CE2269B7C50080126F /* GitHubSwiftLintTestTests.xctest */,
			);
			name = Products;
			sourceTree = "<group>";
		};
		AA115487226960DF0040E3C9 /* GitHubSwiftLintTest */ = {
			isa = PBXGroup;
			children = (
				AA115488226960DF0040E3C9 /* AppDelegate.swift */,
				AA11548A226960DF0040E3C9 /* ViewController.swift */,
				AA11548C226960DF0040E3C9 /* Main.storyboard */,
				AA11548F226960E20040E3C9 /* Assets.xcassets */,
				AA115491226960E20040E3C9 /* LaunchScreen.storyboard */,
				AA115494226960E20040E3C9 /* Info.plist */,
			);
			path = GitHubSwiftLintTest;
			sourceTree = "<group>";
		};
		AA2393CF2269B7C50080126F /* GitHubSwiftLintTestTests */ = {
			isa = PBXGroup;
			children = (
				AA2393D02269B7C50080126F /* GitHubSwiftLintTestTests.swift */,
				AA2393D22269B7C50080126F /* Info.plist */,
			);
			path = GitHubSwiftLintTestTests;
			sourceTree = "<group>";
		};
/* End PBXGroup section */

/* Begin PBXNativeTarget section */
		AA115484226960DF0040E3C9 /* GitHubSwiftLintTest */ = {
			isa = PBXNativeTarget;
			buildConfigurationList = AA115497226960E20040E3C9 /* Build configuration list for PBXNativeTarget "GitHubSwiftLintTest" */;
			buildPhases = (
				AA115481226960DF0040E3C9 /* Sources */,
				AA115482226960DF0040E3C9 /* Frameworks */,
				AA115483226960DF0040E3C9 /* Resources */,
				AAC9EDB722696B79007D3F29 /* SwiftLint */,
			);
			buildRules = (
			);
			dependencies = (
			);
			name = GitHubSwiftLintTest;
			productName = GitHubSwiftLintTest;
			productReference = AA115485226960DF0040E3C9 /* GitHubSwiftLintTest.app */;
			productType = "com.apple.product-type.application";
		};
		AA2393CD2269B7C50080126F /* GitHubSwiftLintTestTests */ = {
			isa = PBXNativeTarget;
			buildConfigurationList = AA2393D72269B7C50080126F /* Build configuration list for PBXNativeTarget "GitHubSwiftLintTestTests" */;
			buildPhases = (
				AA2393CA2269B7C50080126F /* Sources */,
				AA2393CB2269B7C50080126F /* Frameworks */,
				AA2393CC2269B7C50080126F /* Resources */,
			);
			buildRules = (
			);
			dependencies = (
				AA2393D42269B7C50080126F /* PBXTargetDependency */,
			);
			name = GitHubSwiftLintTestTests;
			productName = GitHubSwiftLintTestTests;
			productReference = AA2393CE2269B7C50080126F /* GitHubSwiftLintTestTests.xctest */;
			productType = "com.apple.product-type.bundle.unit-test";
		};
/* End PBXNativeTarget section */

/* Begin PBXProject section */
		AA11547D226960DF0040E3C9 /* Project object */ = {
			isa = PBXProject;
			attributes = {
				LastSwiftUpdateCheck = 1020;
				LastUpgradeCheck = 1020;
				ORGANIZATIONNAME = "游宗諭";
				TargetAttributes = {
					AA115484226960DF0040E3C9 = {
						CreatedOnToolsVersion = 10.2.1;
					};
					AA2393CD2269B7C50080126F = {
						CreatedOnToolsVersion = 10.2.1;
						TestTargetID = AA115484226960DF0040E3C9;
					};
				};
			};
			buildConfigurationList = AA115480226960DF0040E3C9 /* Build configuration list for PBXProject "GitHubSwiftLintTest" */;
			compatibilityVersion = "Xcode 9.3";
			developmentRegion = en;
			hasScannedForEncodings = 0;
			knownRegions = (
				en,
				Base,
			);
			mainGroup = AA11547C226960DF0040E3C9;
			productRefGroup = AA115486226960DF0040E3C9 /* Products */;
			projectDirPath = "";
			projectRoot = "";
			targets = (
				AA115484226960DF0040E3C9 /* GitHubSwiftLintTest */,
				AA2393CD2269B7C50080126F /* GitHubSwiftLintTestTests */,
			);
		};
/* End PBXProject section */

/* Begin PBXResourcesBuildPhase section */
		AA115483226960DF0040E3C9 /* Resources */ = {
			isa = PBXResourcesBuildPhase;
			buildActionMask = 2147483647;
			files = (
				AA115493226960E20040E3C9 /* LaunchScreen.storyboard in Resources */,
				AA115490226960E20040E3C9 /* Assets.xcassets in Resources */,
				AA11548E226960DF0040E3C9 /* Main.storyboard in Resources */,
			);
			runOnlyForDeploymentPostprocessing = 0;
		};
		AA2393CC2269B7C50080126F /* Resources */ = {
			isa = PBXResourcesBuildPhase;
			buildActionMask = 2147483647;
			files = (
			);
			runOnlyForDeploymentPostprocessing = 0;
		};
/* End PBXResourcesBuildPhase section */

/* Begin PBXShellScriptBuildPhase section */
		AAC9EDB722696B79007D3F29 /* SwiftLint */ = {
			isa = PBXShellScriptBuildPhase;
			buildActionMask = 2147483647;
			files = (
			);
			inputFileListPaths = (
			);
			inputPaths = (
			);
			name = SwiftLint;
			outputFileListPaths = (
			);
			outputPaths = (
			);
			runOnlyForDeploymentPostprocessing = 0;
			shellPath = /bin/sh;
			shellScript = "if which swiftlint >/dev/null; then\nswiftlint\nelse\necho \"warning: SwiftLint not installed, download from https://github.com/realm/SwiftLint\"\nfi\n";
		};
/* End PBXShellScriptBuildPhase section */

/* Begin PBXSourcesBuildPhase section */
		AA115481226960DF0040E3C9 /* Sources */ = {
			isa = PBXSourcesBuildPhase;
			buildActionMask = 2147483647;
			files = (
				AA11548B226960DF0040E3C9 /* ViewController.swift in Sources */,
				AA115489226960DF0040E3C9 /* AppDelegate.swift in Sources */,
			);
			runOnlyForDeploymentPostprocessing = 0;
		};
		AA2393CA2269B7C50080126F /* Sources */ = {
			isa = PBXSourcesBuildPhase;
			buildActionMask = 2147483647;
			files = (
				AA2393D12269B7C50080126F /* GitHubSwiftLintTestTests.swift in Sources */,
			);
			runOnlyForDeploymentPostprocessing = 0;
		};
/* End PBXSourcesBuildPhase section */

/* Begin PBXTargetDependency section */
		AA2393D42269B7C50080126F /* PBXTargetDependency */ = {
			isa = PBXTargetDependency;
			target = AA115484226960DF0040E3C9 /* GitHubSwiftLintTest */;
			targetProxy = AA2393D32269B7C50080126F /* PBXContainerItemProxy */;
		};
/* End PBXTargetDependency section */

/* Begin PBXVariantGroup section */
		AA11548C226960DF0040E3C9 /* Main.storyboard */ = {
			isa = PBXVariantGroup;
			children = (
				AA11548D226960DF0040E3C9 /* Base */,
			);
			name = Main.storyboard;
			sourceTree = "<group>";
		};
		AA115491226960E20040E3C9 /* LaunchScreen.storyboard */ = {
			isa = PBXVariantGroup;
			children = (
				AA115492226960E20040E3C9 /* Base */,
			);
			name = LaunchScreen.storyboard;
			sourceTree = "<group>";
		};
/* End PBXVariantGroup section */

/* Begin XCBuildConfiguration section */
		AA115495226960E20040E3C9 /* Debug */ = {
			isa = XCBuildConfiguration;
			buildSettings = {
				ALWAYS_SEARCH_USER_PATHS = NO;
				CLANG_ANALYZER_NONNULL = YES;
				CLANG_ANALYZER_NUMBER_OBJECT_CONVERSION = YES_AGGRESSIVE;
				CLANG_CXX_LANGUAGE_STANDARD = "gnu++14";
				CLANG_CXX_LIBRARY = "libc++";
				CLANG_ENABLE_MODULES = YES;
				CLANG_ENABLE_OBJC_ARC = YES;
				CLANG_ENABLE_OBJC_WEAK = YES;
				CLANG_WARN_BLOCK_CAPTURE_AUTORELEASING = YES;
				CLANG_WARN_BOOL_CONVERSION = YES;
				CLANG_WARN_COMMA = YES;
				CLANG_WARN_CONSTANT_CONVERSION = YES;
				CLANG_WARN_DEPRECATED_OBJC_IMPLEMENTATIONS = YES;
				CLANG_WARN_DIRECT_OBJC_ISA_USAGE = YES_ERROR;
				CLANG_WARN_DOCUMENTATION_COMMENTS = YES;
				CLANG_WARN_EMPTY_BODY = YES;
				CLANG_WARN_ENUM_CONVERSION = YES;
				CLANG_WARN_INFINITE_RECURSION = YES;
				CLANG_WARN_INT_CONVERSION = YES;
				CLANG_WARN_NON_LITERAL_NULL_CONVERSION = YES;
				CLANG_WARN_OBJC_IMPLICIT_RETAIN_SELF = YES;
				CLANG_WARN_OBJC_LITERAL_CONVERSION = YES;
				CLANG_WARN_OBJC_ROOT_CLASS = YES_ERROR;
				CLANG_WARN_RANGE_LOOP_ANALYSIS = YES;
				CLANG_WARN_STRICT_PROTOTYPES = YES;
				CLANG_WARN_SUSPICIOUS_MOVE = YES;
				CLANG_WARN_UNGUARDED_AVAILABILITY = YES_AGGRESSIVE;
				CLANG_WARN_UNREACHABLE_CODE = YES;
				CLANG_WARN__DUPLICATE_METHOD_MATCH = YES;
				CODE_SIGN_IDENTITY = "iPhone Developer";
				COPY_PHASE_STRIP = NO;
				DEBUG_INFORMATION_FORMAT = dwarf;
				ENABLE_STRICT_OBJC_MSGSEND = YES;
				ENABLE_TESTABILITY = YES;
				GCC_C_LANGUAGE_STANDARD = gnu11;
				GCC_DYNAMIC_NO_PIC = NO;
				GCC_NO_COMMON_BLOCKS = YES;
				GCC_OPTIMIZATION_LEVEL = 0;
				GCC_PREPROCESSOR_DEFINITIONS = (
					"DEBUG=1",
					"$(inherited)",
				);
				GCC_WARN_64_TO_32_BIT_CONVERSION = YES;
				GCC_WARN_ABOUT_RETURN_TYPE = YES_ERROR;
				GCC_WARN_UNDECLARED_SELECTOR = YES;
				GCC_WARN_UNINITIALIZED_AUTOS = YES_AGGRESSIVE;
				GCC_WARN_UNUSED_FUNCTION = YES;
				GCC_WARN_UNUSED_VARIABLE = YES;
				IPHONEOS_DEPLOYMENT_TARGET = 12.2;
				MTL_ENABLE_DEBUG_INFO = INCLUDE_SOURCE;
				MTL_FAST_MATH = YES;
				ONLY_ACTIVE_ARCH = YES;
				SDKROOT = iphoneos;
				SWIFT_ACTIVE_COMPILATION_CONDITIONS = DEBUG;
				SWIFT_OPTIMIZATION_LEVEL = "-Onone";
			};
			name = Debug;
		};
		AA115496226960E20040E3C9 /* Release */ = {
			isa = XCBuildConfiguration;
			buildSettings = {
				ALWAYS_SEARCH_USER_PATHS = NO;
				CLANG_ANALYZER_NONNULL = YES;
				CLANG_ANALYZER_NUMBER_OBJECT_CONVERSION = YES_AGGRESSIVE;
				CLANG_CXX_LANGUAGE_STANDARD = "gnu++14";
				CLANG_CXX_LIBRARY = "libc++";
				CLANG_ENABLE_MODULES = YES;
				CLANG_ENABLE_OBJC_ARC = YES;
				CLANG_ENABLE_OBJC_WEAK = YES;
				CLANG_WARN_BLOCK_CAPTURE_AUTORELEASING = YES;
				CLANG_WARN_BOOL_CONVERSION = YES;
				CLANG_WARN_COMMA = YES;
				CLANG_WARN_CONSTANT_CONVERSION = YES;
				CLANG_WARN_DEPRECATED_OBJC_IMPLEMENTATIONS = YES;
				CLANG_WARN_DIRECT_OBJC_ISA_USAGE = YES_ERROR;
				CLANG_WARN_DOCUMENTATION_COMMENTS = YES;
				CLANG_WARN_EMPTY_BODY = YES;
				CLANG_WARN_ENUM_CONVERSION = YES;
				CLANG_WARN_INFINITE_RECURSION = YES;
				CLANG_WARN_INT_CONVERSION = YES;
				CLANG_WARN_NON_LITERAL_NULL_CONVERSION = YES;
				CLANG_WARN_OBJC_IMPLICIT_RETAIN_SELF = YES;
				CLANG_WARN_OBJC_LITERAL_CONVERSION = YES;
				CLANG_WARN_OBJC_ROOT_CLASS = YES_ERROR;
				CLANG_WARN_RANGE_LOOP_ANALYSIS = YES;
				CLANG_WARN_STRICT_PROTOTYPES = YES;
				CLANG_WARN_SUSPICIOUS_MOVE = YES;
				CLANG_WARN_UNGUARDED_AVAILABILITY = YES_AGGRESSIVE;
				CLANG_WARN_UNREACHABLE_CODE = YES;
				CLANG_WARN__DUPLICATE_METHOD_MATCH = YES;
				CODE_SIGN_IDENTITY = "iPhone Developer";
				COPY_PHASE_STRIP = NO;
				DEBUG_INFORMATION_FORMAT = "dwarf-with-dsym";
				ENABLE_NS_ASSERTIONS = NO;
				ENABLE_STRICT_OBJC_MSGSEND = YES;
				GCC_C_LANGUAGE_STANDARD = gnu11;
				GCC_NO_COMMON_BLOCKS = YES;
				GCC_WARN_64_TO_32_BIT_CONVERSION = YES;
				GCC_WARN_ABOUT_RETURN_TYPE = YES_ERROR;
				GCC_WARN_UNDECLARED_SELECTOR = YES;
				GCC_WARN_UNINITIALIZED_AUTOS = YES_AGGRESSIVE;
				GCC_WARN_UNUSED_FUNCTION = YES;
				GCC_WARN_UNUSED_VARIABLE = YES;
				IPHONEOS_DEPLOYMENT_TARGET = 12.2;
				MTL_ENABLE_DEBUG_INFO = NO;
				MTL_FAST_MATH = YES;
				SDKROOT = iphoneos;
				SWIFT_COMPILATION_MODE = wholemodule;
				SWIFT_OPTIMIZATION_LEVEL = "-O";
				VALIDATE_PRODUCT = YES;
			};
			name = Release;
		};
		AA115498226960E20040E3C9 /* Debug */ = {
			isa = XCBuildConfiguration;
			buildSettings = {
				ASSETCATALOG_COMPILER_APPICON_NAME = AppIcon;
				CODE_SIGN_STYLE = Automatic;
				DEVELOPMENT_TEAM = 3AMPL46LPV;
				INFOPLIST_FILE = GitHubSwiftLintTest/Info.plist;
				LD_RUNPATH_SEARCH_PATHS = (
					"$(inherited)",
					"@executable_path/Frameworks",
				);
				PRODUCT_BUNDLE_IDENTIFIER = com.TsungYu.GitHubSwiftLintTest;
				PRODUCT_NAME = "$(TARGET_NAME)";
				SWIFT_VERSION = 5.0;
				TARGETED_DEVICE_FAMILY = "1,2";
			};
			name = Debug;
		};
		AA115499226960E20040E3C9 /* Release */ = {
			isa = XCBuildConfiguration;
			buildSettings = {
				ASSETCATALOG_COMPILER_APPICON_NAME = AppIcon;
				CODE_SIGN_STYLE = Automatic;
				DEVELOPMENT_TEAM = 3AMPL46LPV;
				INFOPLIST_FILE = GitHubSwiftLintTest/Info.plist;
				LD_RUNPATH_SEARCH_PATHS = (
					"$(inherited)",
					"@executable_path/Frameworks",
				);
				PRODUCT_BUNDLE_IDENTIFIER = com.TsungYu.GitHubSwiftLintTest;
				PRODUCT_NAME = "$(TARGET_NAME)";
				SWIFT_VERSION = 5.0;
				TARGETED_DEVICE_FAMILY = "1,2";
			};
			name = Release;
		};
		AA2393D52269B7C50080126F /* Debug */ = {
			isa = XCBuildConfiguration;
			buildSettings = {
				BUNDLE_LOADER = "$(TEST_HOST)";
				CODE_SIGN_STYLE = Automatic;
				DEVELOPMENT_TEAM = 3AMPL46LPV;
				INFOPLIST_FILE = GitHubSwiftLintTestTests/Info.plist;
				LD_RUNPATH_SEARCH_PATHS = (
					"$(inherited)",
					"@executable_path/Frameworks",
					"@loader_path/Frameworks",
				);
				PRODUCT_BUNDLE_IDENTIFIER = com.TsungYu.GitHubSwiftLintTestTests;
				PRODUCT_NAME = "$(TARGET_NAME)";
				SWIFT_VERSION = 5.0;
				TARGETED_DEVICE_FAMILY = "1,2";
				TEST_HOST = "$(BUILT_PRODUCTS_DIR)/GitHubSwiftLintTest.app/GitHubSwiftLintTest";
			};
			name = Debug;
		};
		AA2393D62269B7C50080126F /* Release */ = {
			isa = XCBuildConfiguration;
			buildSettings = {
				BUNDLE_LOADER = "$(TEST_HOST)";
				CODE_SIGN_STYLE = Automatic;
				DEVELOPMENT_TEAM = 3AMPL46LPV;
				INFOPLIST_FILE = GitHubSwiftLintTestTests/Info.plist;
				LD_RUNPATH_SEARCH_PATHS = (
					"$(inherited)",
					"@executable_path/Frameworks",
					"@loader_path/Frameworks",
				);
				PRODUCT_BUNDLE_IDENTIFIER = com.TsungYu.GitHubSwiftLintTestTests;
				PRODUCT_NAME = "$(TARGET_NAME)";
				SWIFT_VERSION = 5.0;
				TARGETED_DEVICE_FAMILY = "1,2";
				TEST_HOST = "$(BUILT_PRODUCTS_DIR)/GitHubSwiftLintTest.app/GitHubSwiftLintTest";
			};
			name = Release;
		};
/* End XCBuildConfiguration section */

/* Begin XCConfigurationList section */
		AA115480226960DF0040E3C9 /* Build configuration list for PBXProject "GitHubSwiftLintTest" */ = {
			isa = XCConfigurationList;
			buildConfigurations = (
				AA115495226960E20040E3C9 /* Debug */,
				AA115496226960E20040E3C9 /* Release */,
			);
			defaultConfigurationIsVisible = 0;
			defaultConfigurationName = Release;
		};
		AA115497226960E20040E3C9 /* Build configuration list for PBXNativeTarget "GitHubSwiftLintTest" */ = {
			isa = XCConfigurationList;
			buildConfigurations = (
				AA115498226960E20040E3C9 /* Debug */,
				AA115499226960E20040E3C9 /* Release */,
			);
			defaultConfigurationIsVisible = 0;
			defaultConfigurationName = Release;
		};
		AA2393D72269B7C50080126F /* Build configuration list for PBXNativeTarget "GitHubSwiftLintTestTests" */ = {
			isa = XCConfigurationList;
			buildConfigurations = (
				AA2393D52269B7C50080126F /* Debug */,
				AA2393D62269B7C50080126F /* Release */,
			);
			defaultConfigurationIsVisible = 0;
			defaultConfigurationName = Release;
		};
/* End XCConfigurationList section */
	};
	rootObject = AA11547D226960DF0040E3C9 /* Project object */;
}
